
Microsoft Visual Studio Solution File, Format Version 12.00
# Visual Studio Version 17
VisualStudioVersion = 17.14.36603.0
MinimumVisualStudioVersion = 10.0.40219.1
Project("{FAE04EC0-301F-11D3-BF4B-00C04F79EFBC}") = "FUNewsManagementSystem", "FUNewsManagementSystem\FUNewsManagementSystem.csproj", "{9FDF5446-1677-4DD3-B452-6741385D1280}"
EndProject
Project("{FAE04EC0-301F-11D3-BF4B-00C04F79EFBC}") = "Repository", "Repository\Repository.csproj", "{B1817349-FAA5-45F6-9019-C70408292A68}"
EndProject
Project("{FAE04EC0-301F-11D3-BF4B-00C04F79EFBC}") = "Service", "Service\Service.csproj", "{F543E31E-E39A-4812-9557-4B0B2C54B8B8}"
EndProject
Global
	GlobalSection(SolutionConfigurationPlatforms) = preSolution
		Debug|Any CPU = Debug|Any CPU
		Release|Any CPU = Release|Any CPU
	EndGlobalSection
	GlobalSection(ProjectConfigurationPlatforms) = postSolution
		{9FDF5446-1677-4DD3-B452-6741385D1280}.Debug|Any CPU.ActiveCfg = Debug|Any CPU
		{9FDF5446-1677-4DD3-B452-6741385D1280}.Debug|Any CPU.Build.0 = Debug|Any CPU
		{9FDF5446-1677-4DD3-B452-6741385D1280}.Release|Any CPU.ActiveCfg = Release|Any CPU
		{9FDF5446-1677-4DD3-B452-6741385D1280}.Release|Any CPU.Build.0 = Release|Any CPU
		{B1817349-FAA5-45F6-9019-C70408292A68}.Debug|Any CPU.ActiveCfg = Debug|Any CPU
		{B1817349-FAA5-45F6-9019-C70408292A68}.Debug|Any CPU.Build.0 = Debug|Any CPU
		{B1817349-FAA5-45F6-9019-C70408292A68}.Release|Any CPU.ActiveCfg = Release|Any CPU
		{B1817349-FAA5-45F6-9019-C70408292A68}.Release|Any CPU.Build.0 = Release|Any CPU
		{F543E31E-E39A-4812-9557-4B0B2C54B8B8}.Debug|Any CPU.ActiveCfg = Debug|Any CPU
		{F543E31E-E39A-4812-9557-4B0B2C54B8B8}.Debug|Any CPU.Build.0 = Debug|Any CPU
		{F543E31E-E39A-4812-9557-4B0B2C54B8B8}.Release|Any CPU.ActiveCfg = Release|Any CPU
		{F543E31E-E39A-4812-9557-4B0B2C54B8B8}.Release|Any CPU.Build.0 = Release|Any CPU
	EndGlobalSection
	GlobalSection(SolutionProperties) = preSolution
		HideSolutionNode = FALSE
	EndGlobalSection
	GlobalSection(ExtensibilityGlobals) = postSolution
		SolutionGuid = {1F546704-169C-4145-AD55-626C24A2C7B2}
	EndGlobalSection
EndGlobal
